
Microsoft Visual Studio Solution File, Format Version 12.00
# Visual Studio Version 16
VisualStudioVersion = 16.0.33423.256
MinimumVisualStudioVersion = 10.0.40219.1
Project("{FAE04EC0-301F-11D3-BF4B-00C04F79EFBC}") = "OutageManagementSystem", "OutageManagementSystem.csproj", "{F60B5739-AF80-451F-A883-E37FE59C5043}"
EndProject
Global
	GlobalSection(SolutionConfigurationPlatforms) = preSolution
		Debug|Any CPU = Debug|Any CPU
		Release|Any CPU = Release|Any CPU
	EndGlobalSection
	GlobalSection(ProjectConfigurationPlatforms) = postSolution
		{F60B5739-AF80-451F-A883-E37FE59C5043}.Debug|Any CPU.ActiveCfg = Debug|Any CPU
		{F60B5739-AF80-451F-A883-E37FE59C5043}.Debug|Any CPU.Build.0 = Debug|Any CPU
		{F60B5739-AF80-451F-A883-E37FE59C5043}.Release|Any CPU.ActiveCfg = Release|Any CPU
		{F60B5739-AF80-451F-A883-E37FE59C5043}.Release|Any CPU.Build.0 = Release|Any CPU
	EndGlobalSection
	GlobalSection(SolutionProperties) = preSolution
		HideSolutionNode = FALSE
	EndGlobalSection
	GlobalSection(ExtensibilityGlobals) = postSolution
		SolutionGuid = {636BD559-6BEB-4B64-A0D7-570F0298AFB4}
	EndGlobalSection
EndGlobal
